
Microsoft Visual Studio Solution File, Format Version 12.00
# Visual Studio 15
VisualStudioVersion = 15.0.28307.136
MinimumVisualStudioVersion = 10.0.40219.1
Project("{9A19103F-16F7-4668-BE54-9A1E7A4F7556}") = "nellySignalr", "nellySignalr.csproj", "{06562969-13CB-4DCF-8477-03488D4E3422}"
EndProject
Global
	GlobalSection(SolutionConfigurationPlatforms) = preSolution
		Debug|Any CPU = Debug|Any CPU
		Release|Any CPU = Release|Any CPU
	EndGlobalSection
	GlobalSection(ProjectConfigurationPlatforms) = postSolution
		{06562969-13CB-4DCF-8477-03488D4E3422}.Debug|Any CPU.ActiveCfg = Debug|Any CPU
		{06562969-13CB-4DCF-8477-03488D4E3422}.Debug|Any CPU.Build.0 = Debug|Any CPU
		{06562969-13CB-4DCF-8477-03488D4E3422}.Release|Any CPU.ActiveCfg = Release|Any CPU
		{06562969-13CB-4DCF-8477-03488D4E3422}.Release|Any CPU.Build.0 = Release|Any CPU
	EndGlobalSection
	GlobalSection(SolutionProperties) = preSolution
		HideSolutionNode = FALSE
	EndGlobalSection
	GlobalSection(ExtensibilityGlobals) = postSolution
		SolutionGuid = {23D6024A-0C7A-4E62-B782-7E40D563A522}
	EndGlobalSection
EndGlobal
